
Microsoft Visual Studio Solution File, Format Version 12.00
# Visual Studio 2013
VisualStudioVersion = 12.0.21005.1
MinimumVisualStudioVersion = 10.0.40219.1
Project("{8BC9CEB8-8B4A-11D0-8D11-00A0C91BC942}") = "소수구하기", "소수구하기\소수구하기.vcxproj", "{2D8F7CC9-C910-4444-8EBD-44C7B7C52044}"
EndProject
Project("{8BC9CEB8-8B4A-11D0-8D11-00A0C91BC942}") = "두 번째 최소값 찾기", "두 번째 최소값 찾기\두 번째 최소값 찾기.vcxproj", "{CA8D27B0-FF0E-4603-A9C8-BF6C66726AF4}"
EndProject
Project("{8BC9CEB8-8B4A-11D0-8D11-00A0C91BC942}") = "OX문제", "OX문제\OX문제.vcxproj", "{E0B35EEF-7445-4E33-8BCD-6EE39E837567}"
EndProject
Project("{8BC9CEB8-8B4A-11D0-8D11-00A0C91BC942}") = "Number 9 - MaxValue", "Number 9 - MaxValue\Number 9 - MaxValue.vcxproj", "{FCC5DBC5-48DA-49D4-AF2A-30C0FA3C90DC}"
EndProject
Project("{8BC9CEB8-8B4A-11D0-8D11-00A0C91BC942}") = "Card game - KOI 2015 midschool", "Card game - KOI 2015 midschool\Card game - KOI 2015 midschool.vcxproj", "{94C1CCE6-70E5-43B6-9C2E-3A6A8F93B697}"
EndProject
Project("{8BC9CEB8-8B4A-11D0-8D11-00A0C91BC942}") = "주사위 게임", "주사위 게임\주사위 게임.vcxproj", "{9CA31E6A-68BE-42D3-81CC-06EBCA50A96D}"
EndProject
Project("{8BC9CEB8-8B4A-11D0-8D11-00A0C91BC942}") = "Binary 2진수 구하기", "Binary 2진수 구하기\Binary 2진수 구하기.vcxproj", "{05C999E7-E7B7-4087-95D4-BD9033D55399}"
EndProject
Project("{8BC9CEB8-8B4A-11D0-8D11-00A0C91BC942}") = "숫자 피라미드", "숫자 피라미드\숫자 피라미드.vcxproj", "{C0656BC3-2763-4CDF-BBAB-5A3E02415D20}"
EndProject
Project("{8BC9CEB8-8B4A-11D0-8D11-00A0C91BC942}") = "Array3", "Array3\Array3.vcxproj", "{014DE795-9B81-4EEF-BCA6-7A963A505464}"
EndProject
Project("{8BC9CEB8-8B4A-11D0-8D11-00A0C91BC942}") = "car", "car\car.vcxproj", "{5306C03E-151A-42B6-80FB-0E4AC26665D6}"
EndProject
Project("{8BC9CEB8-8B4A-11D0-8D11-00A0C91BC942}") = "검증수", "검증수\검증수.vcxproj", "{73C9CF27-E172-4CB9-AD9E-C5C29AB16A6E}"
EndProject
Project("{8BC9CEB8-8B4A-11D0-8D11-00A0C91BC942}") = "상자색칠", "상자색칠\상자색칠.vcxproj", "{2354EBBD-323E-4BC4-8F3F-659B6946B609}"
EndProject
Project("{8BC9CEB8-8B4A-11D0-8D11-00A0C91BC942}") = "최대공약수와 최소공배수", "최대공약수와 최소공배수\최대공약수와 최소공배수.vcxproj", "{89A7F29F-1FB1-4026-BB19-1318FC3CCE46}"
EndProject
Project("{8BC9CEB8-8B4A-11D0-8D11-00A0C91BC942}") = "eightnine", "eightnine\eightnine.vcxproj", "{02F9146A-9D3D-432D-B421-A55FD4B0EC2B}"
EndProject
Project("{8BC9CEB8-8B4A-11D0-8D11-00A0C91BC942}") = "행렬 뒤집기 -1", "행렬 뒤집기 -1\행렬 뒤집기 -1.vcxproj", "{465451EF-EDEE-4A46-B8F6-DC2CC86F84C6}"
EndProject
Project("{8BC9CEB8-8B4A-11D0-8D11-00A0C91BC942}") = "행렬 뒤집기 -2", "행렬 뒤집기 - 2\행렬 뒤집기 - 2.vcxproj", "{9568D9FF-D8F6-410E-9C99-0D60F8C325FB}"
EndProject
Project("{8BC9CEB8-8B4A-11D0-8D11-00A0C91BC942}") = "rook", "rook\rook.vcxproj", "{E339B0A6-5A71-4553-93AD-360B9EF066BA}"
EndProject
Project("{8BC9CEB8-8B4A-11D0-8D11-00A0C91BC942}") = "attackrange", "attackrange\attackrange.vcxproj", "{3BC1F64E-568A-4B8E-9BD7-74DF26313AF1}"
EndProject
Project("{8BC9CEB8-8B4A-11D0-8D11-00A0C91BC942}") = "offset", "offset\offset.vcxproj", "{23C8C8E3-7932-4338-8EE8-4BF69D05C6D4}"
EndProject
Project("{8BC9CEB8-8B4A-11D0-8D11-00A0C91BC942}") = "colorpaper", "colorpaper\colorpaper.vcxproj", "{3D55710D-4347-4A16-B814-9716F93DCCA2}"
EndProject
Project("{8BC9CEB8-8B4A-11D0-8D11-00A0C91BC942}") = "mine", "mine\mine.vcxproj", "{A5B78873-83DB-45E0-9491-AC42080B843E}"
EndProject
Project("{8BC9CEB8-8B4A-11D0-8D11-00A0C91BC942}") = "classpresident", "classpresident\classpresident.vcxproj", "{DED47EE3-7376-40B4-8487-884A00FC850C}"
EndProject
Project("{8BC9CEB8-8B4A-11D0-8D11-00A0C91BC942}") = "대푯값", "대푯값\대푯값.vcxproj", "{ECF0F832-12DC-482D-A5CA-484252A1BB94}"
EndProject
Project("{8BC9CEB8-8B4A-11D0-8D11-00A0C91BC942}") = "bingo", "bingo\bingo.vcxproj", "{8814C479-B698-44BC-964F-C268A9431B3A}"
EndProject
Project("{8BC9CEB8-8B4A-11D0-8D11-00A0C91BC942}") = "tetris", "tetris\tetris.vcxproj", "{14372A24-1074-4159-910D-5B8B4713FBA7}"
EndProject
Project("{8BC9CEB8-8B4A-11D0-8D11-00A0C91BC942}") = "seat", "seat\seat.vcxproj", "{2A1BA1BE-BE89-4622-986B-0487EE3D4D92}"
EndProject
Project("{8BC9CEB8-8B4A-11D0-8D11-00A0C91BC942}") = "baseball_game", "baseball_game\baseball_game.vcxproj", "{8D189CD5-8321-448F-A6ED-8CC56EFB1DED}"
EndProject
Project("{8BC9CEB8-8B4A-11D0-8D11-00A0C91BC942}") = "k번째 큰 수 찾기", "k번째 큰 수 찾기\k번째 큰 수 찾기.vcxproj", "{FE49E156-E111-4233-B5BA-AC8DACE7BB73}"
EndProject
Project("{8BC9CEB8-8B4A-11D0-8D11-00A0C91BC942}") = "nextnum", "nextnum\nextnum.vcxproj", "{4A62CB76-19C4-49DE-B588-D556EBAE8347}"
EndProject
Project("{8BC9CEB8-8B4A-11D0-8D11-00A0C91BC942}") = "beehive", "beehive\beehive.vcxproj", "{C3AD769D-EE72-426F-8BF6-350A044F4FB5}"
EndProject
Project("{8BC9CEB8-8B4A-11D0-8D11-00A0C91BC942}") = "fibonacci", "fibonacci\fibonacci.vcxproj", "{46601496-C722-4205-BC9A-73F180A01DE6}"
EndProject
Project("{8BC9CEB8-8B4A-11D0-8D11-00A0C91BC942}") = "combinationpascal", "combinationpascal\combinationpascal.vcxproj", "{C5FD5F7B-7EAB-4E09-B927-3C86772F5EDA}"
EndProject
Project("{8BC9CEB8-8B4A-11D0-8D11-00A0C91BC942}") = "combinationzero", "combinationzero\combinationzero.vcxproj", "{0A8FD15D-D01A-4158-AE48-87BE5D25D24C}"
EndProject
Project("{8BC9CEB8-8B4A-11D0-8D11-00A0C91BC942}") = "selection sort", "selection sort\selection sort.vcxproj", "{BE8B346D-8E64-4FAF-ACA6-FE01892AA125}"
EndProject
Project("{8BC9CEB8-8B4A-11D0-8D11-00A0C91BC942}") = "bubble sort", "bubble sort\bubble sort.vcxproj", "{22218B0B-A1C2-4FE8-9588-75BC2B667E59}"
EndProject
Project("{8BC9CEB8-8B4A-11D0-8D11-00A0C91BC942}") = "PROSJEK", "PROSJEK\PROSJEK.vcxproj", "{7B571733-E347-4615-903C-B0F649F5A499}"
EndProject
Project("{8BC9CEB8-8B4A-11D0-8D11-00A0C91BC942}") = "sequencesum", "sequencesum\sequencesum.vcxproj", "{AA5E97CE-D712-4A53-BD99-789568232038}"
EndProject
Project("{8BC9CEB8-8B4A-11D0-8D11-00A0C91BC942}") = "lcm", "lcm\lcm.vcxproj", "{55173951-F550-4934-AE42-590E934628F0}"
EndProject
Project("{8BC9CEB8-8B4A-11D0-8D11-00A0C91BC942}") = "streetree", "streetree\streetree.vcxproj", "{16EAA052-C235-4516-90D8-3CC75631A5FF}"
EndProject
Project("{8BC9CEB8-8B4A-11D0-8D11-00A0C91BC942}") = "fractionsum", "fractionsum\fractionsum.vcxproj", "{84153577-28C7-4B4F-9C45-44327DE7A167}"
EndProject
Project("{8BC9CEB8-8B4A-11D0-8D11-00A0C91BC942}") = "findprime", "findprime\findprime.vcxproj", "{8AEBB864-538C-4FB3-9EA8-4CD7A1497033}"
EndProject
Project("{8BC9CEB8-8B4A-11D0-8D11-00A0C91BC942}") = "대소문자변환", "대소문자변환\대소문자변환.vcxproj", "{83B4E2F5-D018-404D-B4B6-EFCBDDD5111D}"
EndProject
Project("{8BC9CEB8-8B4A-11D0-8D11-00A0C91BC942}") = "문자열뒤집기", "문자열뒤집기\문자열뒤집기.vcxproj", "{ECC6B795-03BF-4AF2-B689-F7BC506CFB77}"
EndProject
Project("{8BC9CEB8-8B4A-11D0-8D11-00A0C91BC942}") = "문자열 정렬", "문자열 정렬\문자열 정렬.vcxproj", "{829020D0-456C-4386-ABF0-2B4ED2DCD516}"
EndProject
Project("{8BC9CEB8-8B4A-11D0-8D11-00A0C91BC942}") = "문자열 포함관계 조사", "문자열 포함관계 조사\문자열 포함관계 조사.vcxproj", "{CF56CE10-5DD6-4319-8CC6-9738B7B10543}"
EndProject
Project("{8BC9CEB8-8B4A-11D0-8D11-00A0C91BC942}") = "팰린드롬 조사", "팰린드롬 조사\팰린드롬 조사.vcxproj", "{C77EBD8E-D3A4-4DE7-BC02-12E70EB1734D}"
EndProject
Project("{8BC9CEB8-8B4A-11D0-8D11-00A0C91BC942}") = "큰자릿수덧셈", "큰자릿수덧셈\큰자릿수덧셈.vcxproj", "{4592F225-3A5C-4B7D-AC44-F040E6C7633B}"
EndProject
Project("{8BC9CEB8-8B4A-11D0-8D11-00A0C91BC942}") = "큰자리수뺄셈", "큰자리수뺄셈\큰자리수뺄셈.vcxproj", "{96F86F4E-E2C4-4793-A640-E2C1C2956EA4}"
EndProject
Project("{8BC9CEB8-8B4A-11D0-8D11-00A0C91BC942}") = "binary-recursive", "binary-recursive\binary-recursive.vcxproj", "{32BF49FD-D075-4E86-BE3A-6C5F8609EC08}"
EndProject
Project("{8BC9CEB8-8B4A-11D0-8D11-00A0C91BC942}") = "MergeSort", "MergeSort\MergeSort.vcxproj", "{E326B06C-767A-43CC-86A3-BBEC9343770E}"
EndProject
Project("{8BC9CEB8-8B4A-11D0-8D11-00A0C91BC942}") = "문자열 압축", "문자열 압축\문자열 압축.vcxproj", "{C89971ED-C1C8-4273-908F-F45FF9B8BD4E}"
EndProject
Global
	GlobalSection(SolutionConfigurationPlatforms) = preSolution
		Debug|Win32 = Debug|Win32
		Release|Win32 = Release|Win32
	EndGlobalSection
	GlobalSection(ProjectConfigurationPlatforms) = postSolution
		{2D8F7CC9-C910-4444-8EBD-44C7B7C52044}.Debug|Win32.ActiveCfg = Debug|Win32
		{2D8F7CC9-C910-4444-8EBD-44C7B7C52044}.Debug|Win32.Build.0 = Debug|Win32
		{2D8F7CC9-C910-4444-8EBD-44C7B7C52044}.Release|Win32.ActiveCfg = Release|Win32
		{2D8F7CC9-C910-4444-8EBD-44C7B7C52044}.Release|Win32.Build.0 = Release|Win32
		{CA8D27B0-FF0E-4603-A9C8-BF6C66726AF4}.Debug|Win32.ActiveCfg = Debug|Win32
		{CA8D27B0-FF0E-4603-A9C8-BF6C66726AF4}.Debug|Win32.Build.0 = Debug|Win32
		{CA8D27B0-FF0E-4603-A9C8-BF6C66726AF4}.Release|Win32.ActiveCfg = Release|Win32
		{CA8D27B0-FF0E-4603-A9C8-BF6C66726AF4}.Release|Win32.Build.0 = Release|Win32
		{E0B35EEF-7445-4E33-8BCD-6EE39E837567}.Debug|Win32.ActiveCfg = Debug|Win32
		{E0B35EEF-7445-4E33-8BCD-6EE39E837567}.Debug|Win32.Build.0 = Debug|Win32
		{E0B35EEF-7445-4E33-8BCD-6EE39E837567}.Release|Win32.ActiveCfg = Release|Win32
		{E0B35EEF-7445-4E33-8BCD-6EE39E837567}.Release|Win32.Build.0 = Release|Win32
		{FCC5DBC5-48DA-49D4-AF2A-30C0FA3C90DC}.Debug|Win32.ActiveCfg = Debug|Win32
		{FCC5DBC5-48DA-49D4-AF2A-30C0FA3C90DC}.Debug|Win32.Build.0 = Debug|Win32
		{FCC5DBC5-48DA-49D4-AF2A-30C0FA3C90DC}.Release|Win32.ActiveCfg = Release|Win32
		{FCC5DBC5-48DA-49D4-AF2A-30C0FA3C90DC}.Release|Win32.Build.0 = Release|Win32
		{94C1CCE6-70E5-43B6-9C2E-3A6A8F93B697}.Debug|Win32.ActiveCfg = Debug|Win32
		{94C1CCE6-70E5-43B6-9C2E-3A6A8F93B697}.Debug|Win32.Build.0 = Debug|Win32
		{94C1CCE6-70E5-43B6-9C2E-3A6A8F93B697}.Release|Win32.ActiveCfg = Release|Win32
		{94C1CCE6-70E5-43B6-9C2E-3A6A8F93B697}.Release|Win32.Build.0 = Release|Win32
		{9CA31E6A-68BE-42D3-81CC-06EBCA50A96D}.Debug|Win32.ActiveCfg = Debug|Win32
		{9CA31E6A-68BE-42D3-81CC-06EBCA50A96D}.Debug|Win32.Build.0 = Debug|Win32
		{9CA31E6A-68BE-42D3-81CC-06EBCA50A96D}.Release|Win32.ActiveCfg = Release|Win32
		{9CA31E6A-68BE-42D3-81CC-06EBCA50A96D}.Release|Win32.Build.0 = Release|Win32
		{05C999E7-E7B7-4087-95D4-BD9033D55399}.Debug|Win32.ActiveCfg = Debug|Win32
		{05C999E7-E7B7-4087-95D4-BD9033D55399}.Debug|Win32.Build.0 = Debug|Win32
		{05C999E7-E7B7-4087-95D4-BD9033D55399}.Release|Win32.ActiveCfg = Release|Win32
		{05C999E7-E7B7-4087-95D4-BD9033D55399}.Release|Win32.Build.0 = Release|Win32
		{C0656BC3-2763-4CDF-BBAB-5A3E02415D20}.Debug|Win32.ActiveCfg = Debug|Win32
		{C0656BC3-2763-4CDF-BBAB-5A3E02415D20}.Debug|Win32.Build.0 = Debug|Win32
		{C0656BC3-2763-4CDF-BBAB-5A3E02415D20}.Release|Win32.ActiveCfg = Release|Win32
		{C0656BC3-2763-4CDF-BBAB-5A3E02415D20}.Release|Win32.Build.0 = Release|Win32
		{014DE795-9B81-4EEF-BCA6-7A963A505464}.Debug|Win32.ActiveCfg = Debug|Win32
		{014DE795-9B81-4EEF-BCA6-7A963A505464}.Debug|Win32.Build.0 = Debug|Win32
		{014DE795-9B81-4EEF-BCA6-7A963A505464}.Release|Win32.ActiveCfg = Release|Win32
		{014DE795-9B81-4EEF-BCA6-7A963A505464}.Release|Win32.Build.0 = Release|Win32
		{5306C03E-151A-42B6-80FB-0E4AC26665D6}.Debug|Win32.ActiveCfg = Debug|Win32
		{5306C03E-151A-42B6-80FB-0E4AC26665D6}.Debug|Win32.Build.0 = Debug|Win32
		{5306C03E-151A-42B6-80FB-0E4AC26665D6}.Release|Win32.ActiveCfg = Release|Win32
		{5306C03E-151A-42B6-80FB-0E4AC26665D6}.Release|Win32.Build.0 = Release|Win32
		{73C9CF27-E172-4CB9-AD9E-C5C29AB16A6E}.Debug|Win32.ActiveCfg = Debug|Win32
		{73C9CF27-E172-4CB9-AD9E-C5C29AB16A6E}.Debug|Win32.Build.0 = Debug|Win32
		{73C9CF27-E172-4CB9-AD9E-C5C29AB16A6E}.Release|Win32.ActiveCfg = Release|Win32
		{73C9CF27-E172-4CB9-AD9E-C5C29AB16A6E}.Release|Win32.Build.0 = Release|Win32
		{2354EBBD-323E-4BC4-8F3F-659B6946B609}.Debug|Win32.ActiveCfg = Debug|Win32
		{2354EBBD-323E-4BC4-8F3F-659B6946B609}.Debug|Win32.Build.0 = Debug|Win32
		{2354EBBD-323E-4BC4-8F3F-659B6946B609}.Release|Win32.ActiveCfg = Release|Win32
		{2354EBBD-323E-4BC4-8F3F-659B6946B609}.Release|Win32.Build.0 = Release|Win32
		{89A7F29F-1FB1-4026-BB19-1318FC3CCE46}.Debug|Win32.ActiveCfg = Debug|Win32
		{89A7F29F-1FB1-4026-BB19-1318FC3CCE46}.Debug|Win32.Build.0 = Debug|Win32
		{89A7F29F-1FB1-4026-BB19-1318FC3CCE46}.Release|Win32.ActiveCfg = Release|Win32
		{89A7F29F-1FB1-4026-BB19-1318FC3CCE46}.Release|Win32.Build.0 = Release|Win32
		{02F9146A-9D3D-432D-B421-A55FD4B0EC2B}.Debug|Win32.ActiveCfg = Debug|Win32
		{02F9146A-9D3D-432D-B421-A55FD4B0EC2B}.Debug|Win32.Build.0 = Debug|Win32
		{02F9146A-9D3D-432D-B421-A55FD4B0EC2B}.Release|Win32.ActiveCfg = Release|Win32
		{02F9146A-9D3D-432D-B421-A55FD4B0EC2B}.Release|Win32.Build.0 = Release|Win32
		{465451EF-EDEE-4A46-B8F6-DC2CC86F84C6}.Debug|Win32.ActiveCfg = Debug|Win32
		{465451EF-EDEE-4A46-B8F6-DC2CC86F84C6}.Debug|Win32.Build.0 = Debug|Win32
		{465451EF-EDEE-4A46-B8F6-DC2CC86F84C6}.Release|Win32.ActiveCfg = Release|Win32
		{465451EF-EDEE-4A46-B8F6-DC2CC86F84C6}.Release|Win32.Build.0 = Release|Win32
		{9568D9FF-D8F6-410E-9C99-0D60F8C325FB}.Debug|Win32.ActiveCfg = Debug|Win32
		{9568D9FF-D8F6-410E-9C99-0D60F8C325FB}.Debug|Win32.Build.0 = Debug|Win32
		{9568D9FF-D8F6-410E-9C99-0D60F8C325FB}.Release|Win32.ActiveCfg = Release|Win32
		{9568D9FF-D8F6-410E-9C99-0D60F8C325FB}.Release|Win32.Build.0 = Release|Win32
		{E339B0A6-5A71-4553-93AD-360B9EF066BA}.Debug|Win32.ActiveCfg = Debug|Win32
		{E339B0A6-5A71-4553-93AD-360B9EF066BA}.Debug|Win32.Build.0 = Debug|Win32
		{E339B0A6-5A71-4553-93AD-360B9EF066BA}.Release|Win32.ActiveCfg = Release|Win32
		{E339B0A6-5A71-4553-93AD-360B9EF066BA}.Release|Win32.Build.0 = Release|Win32
		{3BC1F64E-568A-4B8E-9BD7-74DF26313AF1}.Debug|Win32.ActiveCfg = Debug|Win32
		{3BC1F64E-568A-4B8E-9BD7-74DF26313AF1}.Debug|Win32.Build.0 = Debug|Win32
		{3BC1F64E-568A-4B8E-9BD7-74DF26313AF1}.Release|Win32.ActiveCfg = Release|Win32
		{3BC1F64E-568A-4B8E-9BD7-74DF26313AF1}.Release|Win32.Build.0 = Release|Win32
		{23C8C8E3-7932-4338-8EE8-4BF69D05C6D4}.Debug|Win32.ActiveCfg = Debug|Win32
		{23C8C8E3-7932-4338-8EE8-4BF69D05C6D4}.Debug|Win32.Build.0 = Debug|Win32
		{23C8C8E3-7932-4338-8EE8-4BF69D05C6D4}.Release|Win32.ActiveCfg = Release|Win32
		{23C8C8E3-7932-4338-8EE8-4BF69D05C6D4}.Release|Win32.Build.0 = Release|Win32
		{3D55710D-4347-4A16-B814-9716F93DCCA2}.Debug|Win32.ActiveCfg = Debug|Win32
		{3D55710D-4347-4A16-B814-9716F93DCCA2}.Debug|Win32.Build.0 = Debug|Win32
		{3D55710D-4347-4A16-B814-9716F93DCCA2}.Release|Win32.ActiveCfg = Release|Win32
		{3D55710D-4347-4A16-B814-9716F93DCCA2}.Release|Win32.Build.0 = Release|Win32
		{A5B78873-83DB-45E0-9491-AC42080B843E}.Debug|Win32.ActiveCfg = Debug|Win32
		{A5B78873-83DB-45E0-9491-AC42080B843E}.Debug|Win32.Build.0 = Debug|Win32
		{A5B78873-83DB-45E0-9491-AC42080B843E}.Release|Win32.ActiveCfg = Release|Win32
		{A5B78873-83DB-45E0-9491-AC42080B843E}.Release|Win32.Build.0 = Release|Win32
		{DED47EE3-7376-40B4-8487-884A00FC850C}.Debug|Win32.ActiveCfg = Debug|Win32
		{DED47EE3-7376-40B4-8487-884A00FC850C}.Debug|Win32.Build.0 = Debug|Win32
		{DED47EE3-7376-40B4-8487-884A00FC850C}.Release|Win32.ActiveCfg = Release|Win32
		{DED47EE3-7376-40B4-8487-884A00FC850C}.Release|Win32.Build.0 = Release|Win32
		{ECF0F832-12DC-482D-A5CA-484252A1BB94}.Debug|Win32.ActiveCfg = Debug|Win32
		{ECF0F832-12DC-482D-A5CA-484252A1BB94}.Debug|Win32.Build.0 = Debug|Win32
		{ECF0F832-12DC-482D-A5CA-484252A1BB94}.Release|Win32.ActiveCfg = Release|Win32
		{ECF0F832-12DC-482D-A5CA-484252A1BB94}.Release|Win32.Build.0 = Release|Win32
		{8814C479-B698-44BC-964F-C268A9431B3A}.Debug|Win32.ActiveCfg = Debug|Win32
		{8814C479-B698-44BC-964F-C268A9431B3A}.Debug|Win32.Build.0 = Debug|Win32
		{8814C479-B698-44BC-964F-C268A9431B3A}.Release|Win32.ActiveCfg = Release|Win32
		{8814C479-B698-44BC-964F-C268A9431B3A}.Release|Win32.Build.0 = Release|Win32
		{14372A24-1074-4159-910D-5B8B4713FBA7}.Debug|Win32.ActiveCfg = Debug|Win32
		{14372A24-1074-4159-910D-5B8B4713FBA7}.Debug|Win32.Build.0 = Debug|Win32
		{14372A24-1074-4159-910D-5B8B4713FBA7}.Release|Win32.ActiveCfg = Release|Win32
		{14372A24-1074-4159-910D-5B8B4713FBA7}.Release|Win32.Build.0 = Release|Win32
		{2A1BA1BE-BE89-4622-986B-0487EE3D4D92}.Debug|Win32.ActiveCfg = Debug|Win32
		{2A1BA1BE-BE89-4622-986B-0487EE3D4D92}.Debug|Win32.Build.0 = Debug|Win32
		{2A1BA1BE-BE89-4622-986B-0487EE3D4D92}.Release|Win32.ActiveCfg = Release|Win32
		{2A1BA1BE-BE89-4622-986B-0487EE3D4D92}.Release|Win32.Build.0 = Release|Win32
		{8D189CD5-8321-448F-A6ED-8CC56EFB1DED}.Debug|Win32.ActiveCfg = Debug|Win32
		{8D189CD5-8321-448F-A6ED-8CC56EFB1DED}.Debug|Win32.Build.0 = Debug|Win32
		{8D189CD5-8321-448F-A6ED-8CC56EFB1DED}.Release|Win32.ActiveCfg = Release|Win32
		{8D189CD5-8321-448F-A6ED-8CC56EFB1DED}.Release|Win32.Build.0 = Release|Win32
		{FE49E156-E111-4233-B5BA-AC8DACE7BB73}.Debug|Win32.ActiveCfg = Debug|Win32
		{FE49E156-E111-4233-B5BA-AC8DACE7BB73}.Debug|Win32.Build.0 = Debug|Win32
		{FE49E156-E111-4233-B5BA-AC8DACE7BB73}.Release|Win32.ActiveCfg = Release|Win32
		{FE49E156-E111-4233-B5BA-AC8DACE7BB73}.Release|Win32.Build.0 = Release|Win32
		{4A62CB76-19C4-49DE-B588-D556EBAE8347}.Debug|Win32.ActiveCfg = Debug|Win32
		{4A62CB76-19C4-49DE-B588-D556EBAE8347}.Debug|Win32.Build.0 = Debug|Win32
		{4A62CB76-19C4-49DE-B588-D556EBAE8347}.Release|Win32.ActiveCfg = Release|Win32
		{4A62CB76-19C4-49DE-B588-D556EBAE8347}.Release|Win32.Build.0 = Release|Win32
		{C3AD769D-EE72-426F-8BF6-350A044F4FB5}.Debug|Win32.ActiveCfg = Debug|Win32
		{C3AD769D-EE72-426F-8BF6-350A044F4FB5}.Debug|Win32.Build.0 = Debug|Win32
		{C3AD769D-EE72-426F-8BF6-350A044F4FB5}.Release|Win32.ActiveCfg = Release|Win32
		{C3AD769D-EE72-426F-8BF6-350A044F4FB5}.Release|Win32.Build.0 = Release|Win32
		{46601496-C722-4205-BC9A-73F180A01DE6}.Debug|Win32.ActiveCfg = Debug|Win32
		{46601496-C722-4205-BC9A-73F180A01DE6}.Debug|Win32.Build.0 = Debug|Win32
		{46601496-C722-4205-BC9A-73F180A01DE6}.Release|Win32.ActiveCfg = Release|Win32
		{46601496-C722-4205-BC9A-73F180A01DE6}.Release|Win32.Build.0 = Release|Win32
		{C5FD5F7B-7EAB-4E09-B927-3C86772F5EDA}.Debug|Win32.ActiveCfg = Debug|Win32
		{C5FD5F7B-7EAB-4E09-B927-3C86772F5EDA}.Debug|Win32.Build.0 = Debug|Win32
		{C5FD5F7B-7EAB-4E09-B927-3C86772F5EDA}.Release|Win32.ActiveCfg = Release|Win32
		{C5FD5F7B-7EAB-4E09-B927-3C86772F5EDA}.Release|Win32.Build.0 = Release|Win32
		{0A8FD15D-D01A-4158-AE48-87BE5D25D24C}.Debug|Win32.ActiveCfg = Debug|Win32
		{0A8FD15D-D01A-4158-AE48-87BE5D25D24C}.Debug|Win32.Build.0 = Debug|Win32
		{0A8FD15D-D01A-4158-AE48-87BE5D25D24C}.Release|Win32.ActiveCfg = Release|Win32
		{0A8FD15D-D01A-4158-AE48-87BE5D25D24C}.Release|Win32.Build.0 = Release|Win32
		{BE8B346D-8E64-4FAF-ACA6-FE01892AA125}.Debug|Win32.ActiveCfg = Debug|Win32
		{BE8B346D-8E64-4FAF-ACA6-FE01892AA125}.Debug|Win32.Build.0 = Debug|Win32
		{BE8B346D-8E64-4FAF-ACA6-FE01892AA125}.Release|Win32.ActiveCfg = Release|Win32
		{BE8B346D-8E64-4FAF-ACA6-FE01892AA125}.Release|Win32.Build.0 = Release|Win32
		{22218B0B-A1C2-4FE8-9588-75BC2B667E59}.Debug|Win32.ActiveCfg = Debug|Win32
		{22218B0B-A1C2-4FE8-9588-75BC2B667E59}.Debug|Win32.Build.0 = Debug|Win32
		{22218B0B-A1C2-4FE8-9588-75BC2B667E59}.Release|Win32.ActiveCfg = Release|Win32
		{22218B0B-A1C2-4FE8-9588-75BC2B667E59}.Release|Win32.Build.0 = Release|Win32
		{7B571733-E347-4615-903C-B0F649F5A499}.Debug|Win32.ActiveCfg = Debug|Win32
		{7B571733-E347-4615-903C-B0F649F5A499}.Debug|Win32.Build.0 = Debug|Win32
		{7B571733-E347-4615-903C-B0F649F5A499}.Release|Win32.ActiveCfg = Release|Win32
		{7B571733-E347-4615-903C-B0F649F5A499}.Release|Win32.Build.0 = Release|Win32
		{AA5E97CE-D712-4A53-BD99-789568232038}.Debug|Win32.ActiveCfg = Debug|Win32
		{AA5E97CE-D712-4A53-BD99-789568232038}.Debug|Win32.Build.0 = Debug|Win32
		{AA5E97CE-D712-4A53-BD99-789568232038}.Release|Win32.ActiveCfg = Release|Win32
		{AA5E97CE-D712-4A53-BD99-789568232038}.Release|Win32.Build.0 = Release|Win32
		{55173951-F550-4934-AE42-590E934628F0}.Debug|Win32.ActiveCfg = Debug|Win32
		{55173951-F550-4934-AE42-590E934628F0}.Debug|Win32.Build.0 = Debug|Win32
		{55173951-F550-4934-AE42-590E934628F0}.Release|Win32.ActiveCfg = Release|Win32
		{55173951-F550-4934-AE42-590E934628F0}.Release|Win32.Build.0 = Release|Win32
		{16EAA052-C235-4516-90D8-3CC75631A5FF}.Debug|Win32.ActiveCfg = Debug|Win32
		{16EAA052-C235-4516-90D8-3CC75631A5FF}.Debug|Win32.Build.0 = Debug|Win32
		{16EAA052-C235-4516-90D8-3CC75631A5FF}.Release|Win32.ActiveCfg = Release|Win32
		{16EAA052-C235-4516-90D8-3CC75631A5FF}.Release|Win32.Build.0 = Release|Win32
		{84153577-28C7-4B4F-9C45-44327DE7A167}.Debug|Win32.ActiveCfg = Debug|Win32
		{84153577-28C7-4B4F-9C45-44327DE7A167}.Debug|Win32.Build.0 = Debug|Win32
		{84153577-28C7-4B4F-9C45-44327DE7A167}.Release|Win32.ActiveCfg = Release|Win32
		{84153577-28C7-4B4F-9C45-44327DE7A167}.Release|Win32.Build.0 = Release|Win32
		{8AEBB864-538C-4FB3-9EA8-4CD7A1497033}.Debug|Win32.ActiveCfg = Debug|Win32
		{8AEBB864-538C-4FB3-9EA8-4CD7A1497033}.Debug|Win32.Build.0 = Debug|Win32
		{8AEBB864-538C-4FB3-9EA8-4CD7A1497033}.Release|Win32.ActiveCfg = Release|Win32
		{8AEBB864-538C-4FB3-9EA8-4CD7A1497033}.Release|Win32.Build.0 = Release|Win32
		{83B4E2F5-D018-404D-B4B6-EFCBDDD5111D}.Debug|Win32.ActiveCfg = Debug|Win32
		{83B4E2F5-D018-404D-B4B6-EFCBDDD5111D}.Debug|Win32.Build.0 = Debug|Win32
		{83B4E2F5-D018-404D-B4B6-EFCBDDD5111D}.Release|Win32.ActiveCfg = Release|Win32
		{83B4E2F5-D018-404D-B4B6-EFCBDDD5111D}.Release|Win32.Build.0 = Release|Win32
		{ECC6B795-03BF-4AF2-B689-F7BC506CFB77}.Debug|Win32.ActiveCfg = Debug|Win32
		{ECC6B795-03BF-4AF2-B689-F7BC506CFB77}.Debug|Win32.Build.0 = Debug|Win32
		{ECC6B795-03BF-4AF2-B689-F7BC506CFB77}.Release|Win32.ActiveCfg = Release|Win32
		{ECC6B795-03BF-4AF2-B689-F7BC506CFB77}.Release|Win32.Build.0 = Release|Win32
		{829020D0-456C-4386-ABF0-2B4ED2DCD516}.Debug|Win32.ActiveCfg = Debug|Win32
		{829020D0-456C-4386-ABF0-2B4ED2DCD516}.Debug|Win32.Build.0 = Debug|Win32
		{829020D0-456C-4386-ABF0-2B4ED2DCD516}.Release|Win32.ActiveCfg = Release|Win32
		{829020D0-456C-4386-ABF0-2B4ED2DCD516}.Release|Win32.Build.0 = Release|Win32
		{CF56CE10-5DD6-4319-8CC6-9738B7B10543}.Debug|Win32.ActiveCfg = Debug|Win32
		{CF56CE10-5DD6-4319-8CC6-9738B7B10543}.Debug|Win32.Build.0 = Debug|Win32
		{CF56CE10-5DD6-4319-8CC6-9738B7B10543}.Release|Win32.ActiveCfg = Release|Win32
		{CF56CE10-5DD6-4319-8CC6-9738B7B10543}.Release|Win32.Build.0 = Release|Win32
		{C77EBD8E-D3A4-4DE7-BC02-12E70EB1734D}.Debug|Win32.ActiveCfg = Debug|Win32
		{C77EBD8E-D3A4-4DE7-BC02-12E70EB1734D}.Debug|Win32.Build.0 = Debug|Win32
		{C77EBD8E-D3A4-4DE7-BC02-12E70EB1734D}.Release|Win32.ActiveCfg = Release|Win32
		{C77EBD8E-D3A4-4DE7-BC02-12E70EB1734D}.Release|Win32.Build.0 = Release|Win32
		{4592F225-3A5C-4B7D-AC44-F040E6C7633B}.Debug|Win32.ActiveCfg = Debug|Win32
		{4592F225-3A5C-4B7D-AC44-F040E6C7633B}.Debug|Win32.Build.0 = Debug|Win32
		{4592F225-3A5C-4B7D-AC44-F040E6C7633B}.Release|Win32.ActiveCfg = Release|Win32
		{4592F225-3A5C-4B7D-AC44-F040E6C7633B}.Release|Win32.Build.0 = Release|Win32
		{96F86F4E-E2C4-4793-A640-E2C1C2956EA4}.Debug|Win32.ActiveCfg = Debug|Win32
		{96F86F4E-E2C4-4793-A640-E2C1C2956EA4}.Debug|Win32.Build.0 = Debug|Win32
		{96F86F4E-E2C4-4793-A640-E2C1C2956EA4}.Release|Win32.ActiveCfg = Release|Win32
		{96F86F4E-E2C4-4793-A640-E2C1C2956EA4}.Release|Win32.Build.0 = Release|Win32
		{32BF49FD-D075-4E86-BE3A-6C5F8609EC08}.Debug|Win32.ActiveCfg = Debug|Win32
		{32BF49FD-D075-4E86-BE3A-6C5F8609EC08}.Debug|Win32.Build.0 = Debug|Win32
		{32BF49FD-D075-4E86-BE3A-6C5F8609EC08}.Release|Win32.ActiveCfg = Release|Win32
		{32BF49FD-D075-4E86-BE3A-6C5F8609EC08}.Release|Win32.Build.0 = Release|Win32
		{E326B06C-767A-43CC-86A3-BBEC9343770E}.Debug|Win32.ActiveCfg = Debug|Win32
		{E326B06C-767A-43CC-86A3-BBEC9343770E}.Debug|Win32.Build.0 = Debug|Win32
		{E326B06C-767A-43CC-86A3-BBEC9343770E}.Release|Win32.ActiveCfg = Release|Win32
		{E326B06C-767A-43CC-86A3-BBEC9343770E}.Release|Win32.Build.0 = Release|Win32
		{C89971ED-C1C8-4273-908F-F45FF9B8BD4E}.Debug|Win32.ActiveCfg = Debug|Win32
		{C89971ED-C1C8-4273-908F-F45FF9B8BD4E}.Debug|Win32.Build.0 = Debug|Win32
		{C89971ED-C1C8-4273-908F-F45FF9B8BD4E}.Release|Win32.ActiveCfg = Release|Win32
		{C89971ED-C1C8-4273-908F-F45FF9B8BD4E}.Release|Win32.Build.0 = Release|Win32
	EndGlobalSection
	GlobalSection(SolutionProperties) = preSolution
		HideSolutionNode = FALSE
	EndGlobalSection
EndGlobal
