
Microsoft Visual Studio Solution File, Format Version 12.00
# Visual Studio 2013
VisualStudioVersion = 12.0.21005.1
MinimumVisualStudioVersion = 10.0.40219.1
Project("{8BC9CEB8-8B4A-11D0-8D11-00A0C91BC942}") = "소수구하기", "소수구하기\소수구하기.vcxproj", "{2D8F7CC9-C910-4444-8EBD-44C7B7C52044}"
EndProject
Project("{8BC9CEB8-8B4A-11D0-8D11-00A0C91BC942}") = "두 번째 최소값 찾기", "두 번째 최소값 찾기\두 번째 최소값 찾기.vcxproj", "{CA8D27B0-FF0E-4603-A9C8-BF6C66726AF4}"
EndProject
Global
	GlobalSection(SolutionConfigurationPlatforms) = preSolution
		Debug|Win32 = Debug|Win32
		Release|Win32 = Release|Win32
	EndGlobalSection
	GlobalSection(ProjectConfigurationPlatforms) = postSolution
		{2D8F7CC9-C910-4444-8EBD-44C7B7C52044}.Debug|Win32.ActiveCfg = Debug|Win32
		{2D8F7CC9-C910-4444-8EBD-44C7B7C52044}.Debug|Win32.Build.0 = Debug|Win32
		{2D8F7CC9-C910-4444-8EBD-44C7B7C52044}.Release|Win32.ActiveCfg = Release|Win32
		{2D8F7CC9-C910-4444-8EBD-44C7B7C52044}.Release|Win32.Build.0 = Release|Win32
		{CA8D27B0-FF0E-4603-A9C8-BF6C66726AF4}.Debug|Win32.ActiveCfg = Debug|Win32
		{CA8D27B0-FF0E-4603-A9C8-BF6C66726AF4}.Debug|Win32.Build.0 = Debug|Win32
		{CA8D27B0-FF0E-4603-A9C8-BF6C66726AF4}.Release|Win32.ActiveCfg = Release|Win32
		{CA8D27B0-FF0E-4603-A9C8-BF6C66726AF4}.Release|Win32.Build.0 = Release|Win32
	EndGlobalSection
	GlobalSection(SolutionProperties) = preSolution
		HideSolutionNode = FALSE
	EndGlobalSection
EndGlobal
