
Microsoft Visual Studio Solution File, Format Version 12.00
# Visual Studio 2013
VisualStudioVersion = 12.0.21005.1
MinimumVisualStudioVersion = 10.0.40219.1
Project("{8BC9CEB8-8B4A-11D0-8D11-00A0C91BC942}") = "소수구하기", "소수구하기\소수구하기.vcxproj", "{2D8F7CC9-C910-4444-8EBD-44C7B7C52044}"
EndProject
Project("{8BC9CEB8-8B4A-11D0-8D11-00A0C91BC942}") = "두 번째 최소값 찾기", "두 번째 최소값 찾기\두 번째 최소값 찾기.vcxproj", "{CA8D27B0-FF0E-4603-A9C8-BF6C66726AF4}"
EndProject
Project("{8BC9CEB8-8B4A-11D0-8D11-00A0C91BC942}") = "OX문제", "OX문제\OX문제.vcxproj", "{E0B35EEF-7445-4E33-8BCD-6EE39E837567}"
EndProject
Project("{8BC9CEB8-8B4A-11D0-8D11-00A0C91BC942}") = "Number 9 - MaxValue", "Number 9 - MaxValue\Number 9 - MaxValue.vcxproj", "{FCC5DBC5-48DA-49D4-AF2A-30C0FA3C90DC}"
EndProject
Project("{8BC9CEB8-8B4A-11D0-8D11-00A0C91BC942}") = "Card game - KOI 2015 midschool", "Card game - KOI 2015 midschool\Card game - KOI 2015 midschool.vcxproj", "{94C1CCE6-70E5-43B6-9C2E-3A6A8F93B697}"
EndProject
Project("{8BC9CEB8-8B4A-11D0-8D11-00A0C91BC942}") = "주사위 게임", "주사위 게임\주사위 게임.vcxproj", "{9CA31E6A-68BE-42D3-81CC-06EBCA50A96D}"
EndProject
Project("{8BC9CEB8-8B4A-11D0-8D11-00A0C91BC942}") = "Binary 2진수 구하기", "Binary 2진수 구하기\Binary 2진수 구하기.vcxproj", "{05C999E7-E7B7-4087-95D4-BD9033D55399}"
EndProject
Project("{8BC9CEB8-8B4A-11D0-8D11-00A0C91BC942}") = "숫자 피라미드", "숫자 피라미드\숫자 피라미드.vcxproj", "{C0656BC3-2763-4CDF-BBAB-5A3E02415D20}"
EndProject
Project("{8BC9CEB8-8B4A-11D0-8D11-00A0C91BC942}") = "Array3", "Array3\Array3.vcxproj", "{014DE795-9B81-4EEF-BCA6-7A963A505464}"
EndProject
Project("{8BC9CEB8-8B4A-11D0-8D11-00A0C91BC942}") = "car", "car\car.vcxproj", "{5306C03E-151A-42B6-80FB-0E4AC26665D6}"
EndProject
Project("{8BC9CEB8-8B4A-11D0-8D11-00A0C91BC942}") = "검증수", "검증수\검증수.vcxproj", "{73C9CF27-E172-4CB9-AD9E-C5C29AB16A6E}"
EndProject
Project("{8BC9CEB8-8B4A-11D0-8D11-00A0C91BC942}") = "상자색칠", "상자색칠\상자색칠.vcxproj", "{2354EBBD-323E-4BC4-8F3F-659B6946B609}"
EndProject
Project("{8BC9CEB8-8B4A-11D0-8D11-00A0C91BC942}") = "최대공약수와 최소공배수", "최대공약수와 최소공배수\최대공약수와 최소공배수.vcxproj", "{89A7F29F-1FB1-4026-BB19-1318FC3CCE46}"
EndProject
Global
	GlobalSection(SolutionConfigurationPlatforms) = preSolution
		Debug|Win32 = Debug|Win32
		Release|Win32 = Release|Win32
	EndGlobalSection
	GlobalSection(ProjectConfigurationPlatforms) = postSolution
		{2D8F7CC9-C910-4444-8EBD-44C7B7C52044}.Debug|Win32.ActiveCfg = Debug|Win32
		{2D8F7CC9-C910-4444-8EBD-44C7B7C52044}.Debug|Win32.Build.0 = Debug|Win32
		{2D8F7CC9-C910-4444-8EBD-44C7B7C52044}.Release|Win32.ActiveCfg = Release|Win32
		{2D8F7CC9-C910-4444-8EBD-44C7B7C52044}.Release|Win32.Build.0 = Release|Win32
		{CA8D27B0-FF0E-4603-A9C8-BF6C66726AF4}.Debug|Win32.ActiveCfg = Debug|Win32
		{CA8D27B0-FF0E-4603-A9C8-BF6C66726AF4}.Debug|Win32.Build.0 = Debug|Win32
		{CA8D27B0-FF0E-4603-A9C8-BF6C66726AF4}.Release|Win32.ActiveCfg = Release|Win32
		{CA8D27B0-FF0E-4603-A9C8-BF6C66726AF4}.Release|Win32.Build.0 = Release|Win32
		{E0B35EEF-7445-4E33-8BCD-6EE39E837567}.Debug|Win32.ActiveCfg = Debug|Win32
		{E0B35EEF-7445-4E33-8BCD-6EE39E837567}.Debug|Win32.Build.0 = Debug|Win32
		{E0B35EEF-7445-4E33-8BCD-6EE39E837567}.Release|Win32.ActiveCfg = Release|Win32
		{E0B35EEF-7445-4E33-8BCD-6EE39E837567}.Release|Win32.Build.0 = Release|Win32
		{FCC5DBC5-48DA-49D4-AF2A-30C0FA3C90DC}.Debug|Win32.ActiveCfg = Debug|Win32
		{FCC5DBC5-48DA-49D4-AF2A-30C0FA3C90DC}.Debug|Win32.Build.0 = Debug|Win32
		{FCC5DBC5-48DA-49D4-AF2A-30C0FA3C90DC}.Release|Win32.ActiveCfg = Release|Win32
		{FCC5DBC5-48DA-49D4-AF2A-30C0FA3C90DC}.Release|Win32.Build.0 = Release|Win32
		{94C1CCE6-70E5-43B6-9C2E-3A6A8F93B697}.Debug|Win32.ActiveCfg = Debug|Win32
		{94C1CCE6-70E5-43B6-9C2E-3A6A8F93B697}.Debug|Win32.Build.0 = Debug|Win32
		{94C1CCE6-70E5-43B6-9C2E-3A6A8F93B697}.Release|Win32.ActiveCfg = Release|Win32
		{94C1CCE6-70E5-43B6-9C2E-3A6A8F93B697}.Release|Win32.Build.0 = Release|Win32
		{9CA31E6A-68BE-42D3-81CC-06EBCA50A96D}.Debug|Win32.ActiveCfg = Debug|Win32
		{9CA31E6A-68BE-42D3-81CC-06EBCA50A96D}.Debug|Win32.Build.0 = Debug|Win32
		{9CA31E6A-68BE-42D3-81CC-06EBCA50A96D}.Release|Win32.ActiveCfg = Release|Win32
		{9CA31E6A-68BE-42D3-81CC-06EBCA50A96D}.Release|Win32.Build.0 = Release|Win32
		{05C999E7-E7B7-4087-95D4-BD9033D55399}.Debug|Win32.ActiveCfg = Debug|Win32
		{05C999E7-E7B7-4087-95D4-BD9033D55399}.Debug|Win32.Build.0 = Debug|Win32
		{05C999E7-E7B7-4087-95D4-BD9033D55399}.Release|Win32.ActiveCfg = Release|Win32
		{05C999E7-E7B7-4087-95D4-BD9033D55399}.Release|Win32.Build.0 = Release|Win32
		{C0656BC3-2763-4CDF-BBAB-5A3E02415D20}.Debug|Win32.ActiveCfg = Debug|Win32
		{C0656BC3-2763-4CDF-BBAB-5A3E02415D20}.Debug|Win32.Build.0 = Debug|Win32
		{C0656BC3-2763-4CDF-BBAB-5A3E02415D20}.Release|Win32.ActiveCfg = Release|Win32
		{C0656BC3-2763-4CDF-BBAB-5A3E02415D20}.Release|Win32.Build.0 = Release|Win32
		{014DE795-9B81-4EEF-BCA6-7A963A505464}.Debug|Win32.ActiveCfg = Debug|Win32
		{014DE795-9B81-4EEF-BCA6-7A963A505464}.Debug|Win32.Build.0 = Debug|Win32
		{014DE795-9B81-4EEF-BCA6-7A963A505464}.Release|Win32.ActiveCfg = Release|Win32
		{014DE795-9B81-4EEF-BCA6-7A963A505464}.Release|Win32.Build.0 = Release|Win32
		{5306C03E-151A-42B6-80FB-0E4AC26665D6}.Debug|Win32.ActiveCfg = Debug|Win32
		{5306C03E-151A-42B6-80FB-0E4AC26665D6}.Debug|Win32.Build.0 = Debug|Win32
		{5306C03E-151A-42B6-80FB-0E4AC26665D6}.Release|Win32.ActiveCfg = Release|Win32
		{5306C03E-151A-42B6-80FB-0E4AC26665D6}.Release|Win32.Build.0 = Release|Win32
		{73C9CF27-E172-4CB9-AD9E-C5C29AB16A6E}.Debug|Win32.ActiveCfg = Debug|Win32
		{73C9CF27-E172-4CB9-AD9E-C5C29AB16A6E}.Debug|Win32.Build.0 = Debug|Win32
		{73C9CF27-E172-4CB9-AD9E-C5C29AB16A6E}.Release|Win32.ActiveCfg = Release|Win32
		{73C9CF27-E172-4CB9-AD9E-C5C29AB16A6E}.Release|Win32.Build.0 = Release|Win32
		{2354EBBD-323E-4BC4-8F3F-659B6946B609}.Debug|Win32.ActiveCfg = Debug|Win32
		{2354EBBD-323E-4BC4-8F3F-659B6946B609}.Debug|Win32.Build.0 = Debug|Win32
		{2354EBBD-323E-4BC4-8F3F-659B6946B609}.Release|Win32.ActiveCfg = Release|Win32
		{2354EBBD-323E-4BC4-8F3F-659B6946B609}.Release|Win32.Build.0 = Release|Win32
		{89A7F29F-1FB1-4026-BB19-1318FC3CCE46}.Debug|Win32.ActiveCfg = Debug|Win32
		{89A7F29F-1FB1-4026-BB19-1318FC3CCE46}.Debug|Win32.Build.0 = Debug|Win32
		{89A7F29F-1FB1-4026-BB19-1318FC3CCE46}.Release|Win32.ActiveCfg = Release|Win32
		{89A7F29F-1FB1-4026-BB19-1318FC3CCE46}.Release|Win32.Build.0 = Release|Win32
	EndGlobalSection
	GlobalSection(SolutionProperties) = preSolution
		HideSolutionNode = FALSE
	EndGlobalSection
EndGlobal
